# This file was autogenerated by Stack.
# You should not edit this file by hand.
# For more information, please see the documentation at:
#   https://docs.haskellstack.org/en/stable/lock_files

packages:
- completed:
    hackage: servant-js-0.9.4.2@sha256:b2d973b43bfa69f35900bf46e989348b7300c398b599ddf74b90a06173c023f2,3522
    pantry-tree:
      size: 961
      sha256: ba201c0f2aa274afa40dfd3c31abe6e5b0791f14320f7167e750c57508dc70f6
  original:
    hackage: servant-js-0.9.4.2@sha256:b2d973b43bfa69f35900bf46e989348b7300c398b599ddf74b90a06173c023f2,3522
- completed:
    hackage: sqlite-simple-0.4.18.0@sha256:3ceea56375c0a3590c814e411a4eb86943f8d31b93b110ca159c90689b6b39e5,3002
    pantry-tree:
      size: 1930
      sha256: e58b9955e483d51ee0966f8ba4384305d871480e2a38b32ee0fcd4573d74cf95
  original:
    hackage: sqlite-simple-0.4.18.0@sha256:3ceea56375c0a3590c814e411a4eb86943f8d31b93b110ca159c90689b6b39e5,3002
- completed:
    hackage: direct-sqlite-2.3.26@sha256:04e835402f1508abca383182023e4e2b9b86297b8533afbd4e57d1a5652e0c23,3718
    pantry-tree:
      size: 770
      sha256: 11874ab21e10c5b54cd1e02a037b677dc1e2ee9986f38c599612c56654dc01c3
  original:
    hackage: direct-sqlite-2.3.26@sha256:04e835402f1508abca383182023e4e2b9b86297b8533afbd4e57d1a5652e0c23,3718
- completed:
    hackage: semigroups-0.19.2@sha256:4eaa22de527068e5a323c4ba5411e24b60386507730d0445865ab71b35e5f95e,6539
    pantry-tree:
      size: 481
      sha256: 0840abb02bf1882bdf356dc7360453d0b121739a808c981d8bcf4fa0c3ee043f
  original:
    hackage: semigroups-0.19.2@sha256:4eaa22de527068e5a323c4ba5411e24b60386507730d0445865ab71b35e5f95e,6539
- completed:
    hackage: protolude-0.3.1@sha256:1cc9e5a5c26c33a43c52b554443dd9779fef13974eaa0beec7ca6d2551b400da,2647
    pantry-tree:
      size: 1645
      sha256: 6452a6ca8d395f7d810139779bb0fd16fc1dbb00f1862630bc08ef5a100430f9
  original:
    hackage: protolude-0.3.1
- completed:
    hackage: oidc-client-0.6.1.0@sha256:5829e916a8847e4eef64dd4bfba07d10636dc1f7b554a0d63ca1a09f2dabe448,3359
    pantry-tree:
      size: 1298
      sha256: 193b18f756abdea389a0ec5cc6c20e621bf74ba3850fdfb895e01a6172fd7988
  original:
    hackage: oidc-client-0.6.1.0
snapshots:
- completed:
    size: 590822
    url: https://raw.githubusercontent.com/commercialhaskell/stackage-snapshots/master/nightly/2022/5/29.yaml
    sha256: a7d2c450e7578825f80601b9d244f2107d9cc708430e070d2978e15a97b5c6dc
  original:
    url: https://raw.githubusercontent.com/commercialhaskell/stackage-snapshots/master/nightly/2022/5/29.yaml
